// !$*UTF8*$!
{
	archiveVersion = 1;
	classes = {
	};
	objectVersion = 56;
	objects = {

/* Begin PBXBuildFile section */
		041B5FA12A37FE82002C51F2 /* main.m in Sources */ = {isa = PBXBuildFile; fileRef = 041B5FA02A37FE82002C51F2 /* main.m */; };
		041B5FA92A37FE9B002C51F2 /* JSONSerialization.m in Sources */ = {isa = PBXBuildFile; fileRef = 041B5FA82A37FE9B002C51F2 /* JSONSerialization.m */; };
		041B5FAC2A381009002C51F2 /* key_word_search_v212有注释.json in Sources */ = {isa = PBXBuildFile; fileRef = 041B5FAB2A380CC2002C51F2 /* key_word_search_v212有注释.json */; };
		041B5FAD2A381009002C51F2 /* key_word_search_v212.json in Sources */ = {isa = PBXBuildFile; fileRef = 041B5FAA2A38094E002C51F2 /* key_word_search_v212.json */; };
/* End PBXBuildFile section */

/* Begin PBXCopyFilesBuildPhase section */
		041B5F9B2A37FE82002C51F2 /* CopyFiles */ = {
			isa = PBXCopyFilesBuildPhase;
			buildActionMask = 2147483647;
			dstPath = /usr/share/man/man1/;
			dstSubfolderSpec = 0;
			files = (
			);
			runOnlyForDeploymentPostprocessing = 1;
		};
/* End PBXCopyFilesBuildPhase section */

/* Begin PBXFileReference section */
		041B5F9D2A37FE82002C51F2 /* JSONSerialization */ = {isa = PBXFileReference; explicitFileType = "compiled.mach-o.executable"; includeInIndex = 0; path = JSONSerialization; sourceTree = BUILT_PRODUCTS_DIR; };
		041B5FA02A37FE82002C51F2 /* main.m */ = {isa = PBXFileReference; lastKnownFileType = sourcecode.c.objc; path = main.m; sourceTree = "<group>"; };
		041B5FA72A37FE9B002C51F2 /* JSONSerialization.h */ = {isa = PBXFileReference; lastKnownFileType = sourcecode.c.h; path = JSONSerialization.h; sourceTree = "<group>"; };
		041B5FA82A37FE9B002C51F2 /* JSONSerialization.m */ = {isa = PBXFileReference; lastKnownFileType = sourcecode.c.objc; path = JSONSerialization.m; sourceTree = "<group>"; };
		041B5FAA2A38094E002C51F2 /* key_word_search_v212.json */ = {isa = PBXFileReference; fileEncoding = 4; lastKnownFileType = text.json; path = key_word_search_v212.json; sourceTree = "<group>"; };
		041B5FAB2A380CC2002C51F2 /* key_word_search_v212有注释.json */ = {isa = PBXFileReference; fileEncoding = 4; lastKnownFileType = text.json; path = "key_word_search_v212有注释.json"; sourceTree = "<group>"; };
/* End PBXFileReference section */

/* Begin PBXFrameworksBuildPhase section */
		041B5F9A2A37FE82002C51F2 /* Frameworks */ = {
			isa = PBXFrameworksBuildPhase;
			buildActionMask = 2147483647;
			files = (
			);
			runOnlyForDeploymentPostprocessing = 0;
		};
/* End PBXFrameworksBuildPhase section */

/* Begin PBXGroup section */
		041B5F942A37FE82002C51F2 = {
			isa = PBXGroup;
			children = (
				041B5F9F2A37FE82002C51F2 /* JSONSerialization */,
				041B5F9E2A37FE82002C51F2 /* Products */,
			);
			sourceTree = "<group>";
		};
		041B5F9E2A37FE82002C51F2 /* Products */ = {
			isa = PBXGroup;
			children = (
				041B5F9D2A37FE82002C51F2 /* JSONSerialization */,
			);
			name = Products;
			sourceTree = "<group>";
		};
		041B5F9F2A37FE82002C51F2 /* JSONSerialization */ = {
			isa = PBXGroup;
			children = (
				041B5FAB2A380CC2002C51F2 /* key_word_search_v212有注释.json */,
				041B5FAA2A38094E002C51F2 /* key_word_search_v212.json */,
				041B5FA02A37FE82002C51F2 /* main.m */,
				041B5FA72A37FE9B002C51F2 /* JSONSerialization.h */,
				041B5FA82A37FE9B002C51F2 /* JSONSerialization.m */,
			);
			path = JSONSerialization;
			sourceTree = "<group>";
		};
/* End PBXGroup section */

/* Begin PBXNativeTarget section */
		041B5F9C2A37FE82002C51F2 /* JSONSerialization */ = {
			isa = PBXNativeTarget;
			buildConfigurationList = 041B5FA42A37FE82002C51F2 /* Build configuration list for PBXNativeTarget "JSONSerialization" */;
			buildPhases = (
				041B5F992A37FE82002C51F2 /* Sources */,
				041B5F9A2A37FE82002C51F2 /* Frameworks */,
				041B5F9B2A37FE82002C51F2 /* CopyFiles */,
			);
			buildRules = (
			);
			dependencies = (
			);
			name = JSONSerialization;
			productName = JSONSerialization;
			productReference = 041B5F9D2A37FE82002C51F2 /* JSONSerialization */;
			productType = "com.apple.product-type.tool";
		};
/* End PBXNativeTarget section */

/* Begin PBXProject section */
		041B5F952A37FE82002C51F2 /* Project object */ = {
			isa = PBXProject;
			attributes = {
				BuildIndependentTargetsInParallel = 1;
				LastUpgradeCheck = 1430;
				TargetAttributes = {
					041B5F9C2A37FE82002C51F2 = {
						CreatedOnToolsVersion = 14.3.1;
					};
				};
			};
			buildConfigurationList = 041B5F982A37FE82002C51F2 /* Build configuration list for PBXProject "JSONSerialization" */;
			compatibilityVersion = "Xcode 14.0";
			developmentRegion = en;
			hasScannedForEncodings = 0;
			knownRegions = (
				en,
				Base,
			);
			mainGroup = 041B5F942A37FE82002C51F2;
			productRefGroup = 041B5F9E2A37FE82002C51F2 /* Products */;
			projectDirPath = "";
			projectRoot = "";
			targets = (
				041B5F9C2A37FE82002C51F2 /* JSONSerialization */,
			);
		};
/* End PBXProject section */

/* Begin PBXSourcesBuildPhase section */
		041B5F992A37FE82002C51F2 /* Sources */ = {
			isa = PBXSourcesBuildPhase;
			buildActionMask = 2147483647;
			files = (
				041B5FAC2A381009002C51F2 /* key_word_search_v212有注释.json in Sources */,
				041B5FAD2A381009002C51F2 /* key_word_search_v212.json in Sources */,
				041B5FA92A37FE9B002C51F2 /* JSONSerialization.m in Sources */,
				041B5FA12A37FE82002C51F2 /* main.m in Sources */,
			);
			runOnlyForDeploymentPostprocessing = 0;
		};
/* End PBXSourcesBuildPhase section */

/* Begin XCBuildConfiguration section */
		041B5FA22A37FE82002C51F2 /* Debug */ = {
			isa = XCBuildConfiguration;
			buildSettings = {
				ALWAYS_SEARCH_USER_PATHS = NO;
				CLANG_ANALYZER_NONNULL = YES;
				CLANG_ANALYZER_NUMBER_OBJECT_CONVERSION = YES_AGGRESSIVE;
				CLANG_CXX_LANGUAGE_STANDARD = "gnu++20";
				CLANG_ENABLE_MODULES = YES;
				CLANG_ENABLE_OBJC_ARC = YES;
				CLANG_ENABLE_OBJC_WEAK = YES;
				CLANG_WARN_BLOCK_CAPTURE_AUTORELEASING = YES;
				CLANG_WARN_BOOL_CONVERSION = YES;
				CLANG_WARN_COMMA = YES;
				CLANG_WARN_CONSTANT_CONVERSION = YES;
				CLANG_WARN_DEPRECATED_OBJC_IMPLEMENTATIONS = YES;
				CLANG_WARN_DIRECT_OBJC_ISA_USAGE = YES_ERROR;
				CLANG_WARN_DOCUMENTATION_COMMENTS = YES;
				CLANG_WARN_EMPTY_BODY = YES;
				CLANG_WARN_ENUM_CONVERSION = YES;
				CLANG_WARN_INFINITE_RECURSION = YES;
				CLANG_WARN_INT_CONVERSION = YES;
				CLANG_WARN_NON_LITERAL_NULL_CONVERSION = YES;
				CLANG_WARN_OBJC_IMPLICIT_RETAIN_SELF = YES;
				CLANG_WARN_OBJC_LITERAL_CONVERSION = YES;
				CLANG_WARN_OBJC_ROOT_CLASS = YES_ERROR;
				CLANG_WARN_QUOTED_INCLUDE_IN_FRAMEWORK_HEADER = YES;
				CLANG_WARN_RANGE_LOOP_ANALYSIS = YES;
				CLANG_WARN_STRICT_PROTOTYPES = YES;
				CLANG_WARN_SUSPICIOUS_MOVE = YES;
				CLANG_WARN_UNGUARDED_AVAILABILITY = YES_AGGRESSIVE;
				CLANG_WARN_UNREACHABLE_CODE = YES;
				CLANG_WARN__DUPLICATE_METHOD_MATCH = YES;
				COPY_PHASE_STRIP = NO;
				DEBUG_INFORMATION_FORMAT = dwarf;
				ENABLE_STRICT_OBJC_MSGSEND = YES;
				ENABLE_TESTABILITY = YES;
				GCC_C_LANGUAGE_STANDARD = gnu11;
				GCC_DYNAMIC_NO_PIC = NO;
				GCC_NO_COMMON_BLOCKS = YES;
				GCC_OPTIMIZATION_LEVEL = 0;
				GCC_PREPROCESSOR_DEFINITIONS = (
					"DEBUG=1",
					"$(inherited)",
				);
				GCC_WARN_64_TO_32_BIT_CONVERSION = YES;
				GCC_WARN_ABOUT_RETURN_TYPE = YES_ERROR;
				GCC_WARN_UNDECLARED_SELECTOR = YES;
				GCC_WARN_UNINITIALIZED_AUTOS = YES_AGGRESSIVE;
				GCC_WARN_UNUSED_FUNCTION = YES;
				GCC_WARN_UNUSED_VARIABLE = YES;
				MACOSX_DEPLOYMENT_TARGET = 13.3;
				MTL_ENABLE_DEBUG_INFO = INCLUDE_SOURCE;
				MTL_FAST_MATH = YES;
				ONLY_ACTIVE_ARCH = YES;
				SDKROOT = macosx;
			};
			name = Debug;
		};
		041B5FA32A37FE82002C51F2 /* Release */ = {
			isa = XCBuildConfiguration;
			buildSettings = {
				ALWAYS_SEARCH_USER_PATHS = NO;
				CLANG_ANALYZER_NONNULL = YES;
				CLANG_ANALYZER_NUMBER_OBJECT_CONVERSION = YES_AGGRESSIVE;
				CLANG_CXX_LANGUAGE_STANDARD = "gnu++20";
				CLANG_ENABLE_MODULES = YES;
				CLANG_ENABLE_OBJC_ARC = YES;
				CLANG_ENABLE_OBJC_WEAK = YES;
				CLANG_WARN_BLOCK_CAPTURE_AUTORELEASING = YES;
				CLANG_WARN_BOOL_CONVERSION = YES;
				CLANG_WARN_COMMA = YES;
				CLANG_WARN_CONSTANT_CONVERSION = YES;
				CLANG_WARN_DEPRECATED_OBJC_IMPLEMENTATIONS = YES;
				CLANG_WARN_DIRECT_OBJC_ISA_USAGE = YES_ERROR;
				CLANG_WARN_DOCUMENTATION_COMMENTS = YES;
				CLANG_WARN_EMPTY_BODY = YES;
				CLANG_WARN_ENUM_CONVERSION = YES;
				CLANG_WARN_INFINITE_RECURSION = YES;
				CLANG_WARN_INT_CONVERSION = YES;
				CLANG_WARN_NON_LITERAL_NULL_CONVERSION = YES;
				CLANG_WARN_OBJC_IMPLICIT_RETAIN_SELF = YES;
				CLANG_WARN_OBJC_LITERAL_CONVERSION = YES;
				CLANG_WARN_OBJC_ROOT_CLASS = YES_ERROR;
				CLANG_WARN_QUOTED_INCLUDE_IN_FRAMEWORK_HEADER = YES;
				CLANG_WARN_RANGE_LOOP_ANALYSIS = YES;
				CLANG_WARN_STRICT_PROTOTYPES = YES;
				CLANG_WARN_SUSPICIOUS_MOVE = YES;
				CLANG_WARN_UNGUARDED_AVAILABILITY = YES_AGGRESSIVE;
				CLANG_WARN_UNREACHABLE_CODE = YES;
				CLANG_WARN__DUPLICATE_METHOD_MATCH = YES;
				COPY_PHASE_STRIP = NO;
				DEBUG_INFORMATION_FORMAT = "dwarf-with-dsym";
				ENABLE_NS_ASSERTIONS = NO;
				ENABLE_STRICT_OBJC_MSGSEND = YES;
				GCC_C_LANGUAGE_STANDARD = gnu11;
				GCC_NO_COMMON_BLOCKS = YES;
				GCC_WARN_64_TO_32_BIT_CONVERSION = YES;
				GCC_WARN_ABOUT_RETURN_TYPE = YES_ERROR;
				GCC_WARN_UNDECLARED_SELECTOR = YES;
				GCC_WARN_UNINITIALIZED_AUTOS = YES_AGGRESSIVE;
				GCC_WARN_UNUSED_FUNCTION = YES;
				GCC_WARN_UNUSED_VARIABLE = YES;
				MACOSX_DEPLOYMENT_TARGET = 13.3;
				MTL_ENABLE_DEBUG_INFO = NO;
				MTL_FAST_MATH = YES;
				SDKROOT = macosx;
			};
			name = Release;
		};
		041B5FA52A37FE82002C51F2 /* Debug */ = {
			isa = XCBuildConfiguration;
			buildSettings = {
				CODE_SIGN_STYLE = Automatic;
				DEVELOPMENT_TEAM = GGTD26RF4A;
				ENABLE_HARDENED_RUNTIME = YES;
				PRODUCT_NAME = "$(TARGET_NAME)";
			};
			name = Debug;
		};
		041B5FA62A37FE82002C51F2 /* Release */ = {
			isa = XCBuildConfiguration;
			buildSettings = {
				CODE_SIGN_STYLE = Automatic;
				DEVELOPMENT_TEAM = GGTD26RF4A;
				ENABLE_HARDENED_RUNTIME = YES;
				PRODUCT_NAME = "$(TARGET_NAME)";
			};
			name = Release;
		};
/* End XCBuildConfiguration section */

/* Begin XCConfigurationList section */
		041B5F982A37FE82002C51F2 /* Build configuration list for PBXProject "JSONSerialization" */ = {
			isa = XCConfigurationList;
			buildConfigurations = (
				041B5FA22A37FE82002C51F2 /* Debug */,
				041B5FA32A37FE82002C51F2 /* Release */,
			);
			defaultConfigurationIsVisible = 0;
			defaultConfigurationName = Release;
		};
		041B5FA42A37FE82002C51F2 /* Build configuration list for PBXNativeTarget "JSONSerialization" */ = {
			isa = XCConfigurationList;
			buildConfigurations = (
				041B5FA52A37FE82002C51F2 /* Debug */,
				041B5FA62A37FE82002C51F2 /* Release */,
			);
			defaultConfigurationIsVisible = 0;
			defaultConfigurationName = Release;
		};
/* End XCConfigurationList section */
	};
	rootObject = 041B5F952A37FE82002C51F2 /* Project object */;
}
